
Microsoft Visual Studio Solution File, Format Version 12.00
# Visual Studio Version 17
VisualStudioVersion = 17.2.32526.322
MinimumVisualStudioVersion = 10.0.40219.1
Project("{FAE04EC0-301F-11D3-BF4B-00C04F79EFBC}") = "NightRiderz", "NightRiderz\NightRiderz.csproj", "{6B0A868D-A49B-438E-A43D-AF1DD9DF1F12}"
EndProject
Project("{FAE04EC0-301F-11D3-BF4B-00C04F79EFBC}") = "LibNR", "LibNR\LibNR.csproj", "{F16A2D8C-6A2B-4037-8F9D-FB79562ACC76}"
EndProject
Global
	GlobalSection(SolutionConfigurationPlatforms) = preSolution
		Debug|Any CPU = Debug|Any CPU
		Release|Any CPU = Release|Any CPU
	EndGlobalSection
	GlobalSection(ProjectConfigurationPlatforms) = postSolution
		{6B0A868D-A49B-438E-A43D-AF1DD9DF1F12}.Debug|Any CPU.ActiveCfg = Debug|Any CPU
		{6B0A868D-A49B-438E-A43D-AF1DD9DF1F12}.Debug|Any CPU.Build.0 = Debug|Any CPU
		{6B0A868D-A49B-438E-A43D-AF1DD9DF1F12}.Release|Any CPU.ActiveCfg = Release|Any CPU
		{6B0A868D-A49B-438E-A43D-AF1DD9DF1F12}.Release|Any CPU.Build.0 = Release|Any CPU
		{F16A2D8C-6A2B-4037-8F9D-FB79562ACC76}.Debug|Any CPU.ActiveCfg = Debug|Any CPU
		{F16A2D8C-6A2B-4037-8F9D-FB79562ACC76}.Debug|Any CPU.Build.0 = Debug|Any CPU
		{F16A2D8C-6A2B-4037-8F9D-FB79562ACC76}.Release|Any CPU.ActiveCfg = Release|Any CPU
		{F16A2D8C-6A2B-4037-8F9D-FB79562ACC76}.Release|Any CPU.Build.0 = Release|Any CPU
	EndGlobalSection
	GlobalSection(SolutionProperties) = preSolution
		HideSolutionNode = FALSE
	EndGlobalSection
	GlobalSection(ExtensibilityGlobals) = postSolution
		SolutionGuid = {F88DD3B9-799F-434D-AC08-C4B46EE32B52}
	EndGlobalSection
EndGlobal
